// !$*UTF8*$!
{
	archiveVersion = 1;
	classes = {
	};
	objectVersion = 46;
	objects = {

/* Begin PBXBuildFile section */
		215C886E1BDB1B9A0022FA84 /* main.m in Sources */ = {isa = PBXBuildFile; fileRef = 215C886D1BDB1B9A0022FA84 /* main.m */; };
		215C88711BDB1B9A0022FA84 /* AppDelegate.m in Sources */ = {isa = PBXBuildFile; fileRef = 215C88701BDB1B9A0022FA84 /* AppDelegate.m */; };
		215C88741BDB1B9A0022FA84 /* ViewController.m in Sources */ = {isa = PBXBuildFile; fileRef = 215C88731BDB1B9A0022FA84 /* ViewController.m */; };
		215C88771BDB1B9A0022FA84 /* Main.storyboard in Resources */ = {isa = PBXBuildFile; fileRef = 215C88751BDB1B9A0022FA84 /* Main.storyboard */; };
		215C88791BDB1B9A0022FA84 /* Images.xcassets in Resources */ = {isa = PBXBuildFile; fileRef = 215C88781BDB1B9A0022FA84 /* Images.xcassets */; };
		215C887C1BDB1B9A0022FA84 /* LaunchScreen.xib in Resources */ = {isa = PBXBuildFile; fileRef = 215C887A1BDB1B9A0022FA84 /* LaunchScreen.xib */; };
		215C88881BDB1B9B0022FA84 /* HackathonTests.m in Sources */ = {isa = PBXBuildFile; fileRef = 215C88871BDB1B9B0022FA84 /* HackathonTests.m */; };
/* End PBXBuildFile section */

/* Begin PBXContainerItemProxy section */
		215C88821BDB1B9B0022FA84 /* PBXContainerItemProxy */ = {
			isa = PBXContainerItemProxy;
			containerPortal = 215C88601BDB1B9A0022FA84 /* Project object */;
			proxyType = 1;
			remoteGlobalIDString = 215C88671BDB1B9A0022FA84;
			remoteInfo = Hackathon;
		};
/* End PBXContainerItemProxy section */

/* Begin PBXFileReference section */
		215C88681BDB1B9A0022FA84 /* Hackathon.app */ = {isa = PBXFileReference; explicitFileType = wrapper.application; includeInIndex = 0; path = Hackathon.app; sourceTree = BUILT_PRODUCTS_DIR; };
		215C886C1BDB1B9A0022FA84 /* Info.plist */ = {isa = PBXFileReference; lastKnownFileType = text.plist.xml; path = Info.plist; sourceTree = "<group>"; };
		215C886D1BDB1B9A0022FA84 /* main.m */ = {isa = PBXFileReference; lastKnownFileType = sourcecode.c.objc; path = main.m; sourceTree = "<group>"; };
		215C886F1BDB1B9A0022FA84 /* AppDelegate.h */ = {isa = PBXFileReference; lastKnownFileType = sourcecode.c.h; path = AppDelegate.h; sourceTree = "<group>"; };
		215C88701BDB1B9A0022FA84 /* AppDelegate.m */ = {isa = PBXFileReference; lastKnownFileType = sourcecode.c.objc; path = AppDelegate.m; sourceTree = "<group>"; };
		215C88721BDB1B9A0022FA84 /* ViewController.h */ = {isa = PBXFileReference; lastKnownFileType = sourcecode.c.h; path = ViewController.h; sourceTree = "<group>"; };
		215C88731BDB1B9A0022FA84 /* ViewController.m */ = {isa = PBXFileReference; lastKnownFileType = sourcecode.c.objc; path = ViewController.m; sourceTree = "<group>"; };
		215C88761BDB1B9A0022FA84 /* Base */ = {isa = PBXFileReference; lastKnownFileType = file.storyboard; name = Base; path = Base.lproj/Main.storyboard; sourceTree = "<group>"; };
		215C88781BDB1B9A0022FA84 /* Images.xcassets */ = {isa = PBXFileReference; lastKnownFileType = folder.assetcatalog; path = Images.xcassets; sourceTree = "<group>"; };
		215C887B1BDB1B9A0022FA84 /* Base */ = {isa = PBXFileReference; lastKnownFileType = file.xib; name = Base; path = Base.lproj/LaunchScreen.xib; sourceTree = "<group>"; };
		215C88811BDB1B9B0022FA84 /* HackathonTests.xctest */ = {isa = PBXFileReference; explicitFileType = wrapper.cfbundle; includeInIndex = 0; path = HackathonTests.xctest; sourceTree = BUILT_PRODUCTS_DIR; };
		215C88861BDB1B9B0022FA84 /* Info.plist */ = {isa = PBXFileReference; lastKnownFileType = text.plist.xml; path = Info.plist; sourceTree = "<group>"; };
		215C88871BDB1B9B0022FA84 /* HackathonTests.m */ = {isa = PBXFileReference; lastKnownFileType = sourcecode.c.objc; path = HackathonTests.m; sourceTree = "<group>"; };
/* End PBXFileReference section */

/* Begin PBXFrameworksBuildPhase section */
		215C88651BDB1B9A0022FA84 /* Frameworks */ = {
			isa = PBXFrameworksBuildPhase;
			buildActionMask = 2147483647;
			files = (
			);
			runOnlyForDeploymentPostprocessing = 0;
		};
		215C887E1BDB1B9B0022FA84 /* Frameworks */ = {
			isa = PBXFrameworksBuildPhase;
			buildActionMask = 2147483647;
			files = (
			);
			runOnlyForDeploymentPostprocessing = 0;
		};
/* End PBXFrameworksBuildPhase section */

/* Begin PBXGroup section */
		215C885F1BDB1B9A0022FA84 = {
			isa = PBXGroup;
			children = (
				215C886A1BDB1B9A0022FA84 /* Hackathon */,
				215C88841BDB1B9B0022FA84 /* HackathonTests */,
				215C88691BDB1B9A0022FA84 /* Products */,
			);
			sourceTree = "<group>";
		};
		215C88691BDB1B9A0022FA84 /* Products */ = {
			isa = PBXGroup;
			children = (
				215C88681BDB1B9A0022FA84 /* Hackathon.app */,
				215C88811BDB1B9B0022FA84 /* HackathonTests.xctest */,
			);
			name = Products;
			sourceTree = "<group>";
		};
		215C886A1BDB1B9A0022FA84 /* Hackathon */ = {
			isa = PBXGroup;
			children = (
				215C886F1BDB1B9A0022FA84 /* AppDelegate.h */,
				215C88701BDB1B9A0022FA84 /* AppDelegate.m */,
				215C88721BDB1B9A0022FA84 /* ViewController.h */,
				215C88731BDB1B9A0022FA84 /* ViewController.m */,
				215C88751BDB1B9A0022FA84 /* Main.storyboard */,
				215C88781BDB1B9A0022FA84 /* Images.xcassets */,
				215C887A1BDB1B9A0022FA84 /* LaunchScreen.xib */,
				215C886B1BDB1B9A0022FA84 /* Supporting Files */,
			);
			path = Hackathon;
			sourceTree = "<group>";
		};
		215C886B1BDB1B9A0022FA84 /* Supporting Files */ = {
			isa = PBXGroup;
			children = (
				215C886C1BDB1B9A0022FA84 /* Info.plist */,
				215C886D1BDB1B9A0022FA84 /* main.m */,
			);
			name = "Supporting Files";
			sourceTree = "<group>";
		};
		215C88841BDB1B9B0022FA84 /* HackathonTests */ = {
			isa = PBXGroup;
			children = (
				215C88871BDB1B9B0022FA84 /* HackathonTests.m */,
				215C88851BDB1B9B0022FA84 /* Supporting Files */,
			);
			path = HackathonTests;
			sourceTree = "<group>";
		};
		215C88851BDB1B9B0022FA84 /* Supporting Files */ = {
			isa = PBXGroup;
			children = (
				215C88861BDB1B9B0022FA84 /* Info.plist */,
			);
			name = "Supporting Files";
			sourceTree = "<group>";
		};
/* End PBXGroup section */

/* Begin PBXNativeTarget section */
		215C88671BDB1B9A0022FA84 /* Hackathon */ = {
			isa = PBXNativeTarget;
			buildConfigurationList = 215C888B1BDB1B9B0022FA84 /* Build configuration list for PBXNativeTarget "Hackathon" */;
			buildPhases = (
				215C88641BDB1B9A0022FA84 /* Sources */,
				215C88651BDB1B9A0022FA84 /* Frameworks */,
				215C88661BDB1B9A0022FA84 /* Resources */,
			);
			buildRules = (
			);
			dependencies = (
			);
			name = Hackathon;
			productName = Hackathon;
			productReference = 215C88681BDB1B9A0022FA84 /* Hackathon.app */;
			productType = "com.apple.product-type.application";
		};
		215C88801BDB1B9B0022FA84 /* HackathonTests */ = {
			isa = PBXNativeTarget;
			buildConfigurationList = 215C888E1BDB1B9B0022FA84 /* Build configuration list for PBXNativeTarget "HackathonTests" */;
			buildPhases = (
				215C887D1BDB1B9B0022FA84 /* Sources */,
				215C887E1BDB1B9B0022FA84 /* Frameworks */,
				215C887F1BDB1B9B0022FA84 /* Resources */,
			);
			buildRules = (
			);
			dependencies = (
				215C88831BDB1B9B0022FA84 /* PBXTargetDependency */,
			);
			name = HackathonTests;
			productName = HackathonTests;
			productReference = 215C88811BDB1B9B0022FA84 /* HackathonTests.xctest */;
			productType = "com.apple.product-type.bundle.unit-test";
		};
/* End PBXNativeTarget section */

/* Begin PBXProject section */
		215C88601BDB1B9A0022FA84 /* Project object */ = {
			isa = PBXProject;
			attributes = {
				LastUpgradeCheck = 0640;
				ORGANIZATIONNAME = wzf;
				TargetAttributes = {
					215C88671BDB1B9A0022FA84 = {
						CreatedOnToolsVersion = 6.4;
					};
					215C88801BDB1B9B0022FA84 = {
						CreatedOnToolsVersion = 6.4;
						TestTargetID = 215C88671BDB1B9A0022FA84;
					};
				};
			};
			buildConfigurationList = 215C88631BDB1B9A0022FA84 /* Build configuration list for PBXProject "Hackathon" */;
			compatibilityVersion = "Xcode 3.2";
			developmentRegion = English;
			hasScannedForEncodings = 0;
			knownRegions = (
				en,
				Base,
			);
			mainGroup = 215C885F1BDB1B9A0022FA84;
			productRefGroup = 215C88691BDB1B9A0022FA84 /* Products */;
			projectDirPath = "";
			projectRoot = "";
			targets = (
				215C88671BDB1B9A0022FA84 /* Hackathon */,
				215C88801BDB1B9B0022FA84 /* HackathonTests */,
			);
		};
/* End PBXProject section */

/* Begin PBXResourcesBuildPhase section */
		215C88661BDB1B9A0022FA84 /* Resources */ = {
			isa = PBXResourcesBuildPhase;
			buildActionMask = 2147483647;
			files = (
				215C88771BDB1B9A0022FA84 /* Main.storyboard in Resources */,
				215C887C1BDB1B9A0022FA84 /* LaunchScreen.xib in Resources */,
				215C88791BDB1B9A0022FA84 /* Images.xcassets in Resources */,
			);
			runOnlyForDeploymentPostprocessing = 0;
		};
		215C887F1BDB1B9B0022FA84 /* Resources */ = {
			isa = PBXResourcesBuildPhase;
			buildActionMask = 2147483647;
			files = (
			);
			runOnlyForDeploymentPostprocessing = 0;
		};
/* End PBXResourcesBuildPhase section */

/* Begin PBXSourcesBuildPhase section */
		215C88641BDB1B9A0022FA84 /* Sources */ = {
			isa = PBXSourcesBuildPhase;
			buildActionMask = 2147483647;
			files = (
				215C88741BDB1B9A0022FA84 /* ViewController.m in Sources */,
				215C88711BDB1B9A0022FA84 /* AppDelegate.m in Sources */,
				215C886E1BDB1B9A0022FA84 /* main.m in Sources */,
			);
			runOnlyForDeploymentPostprocessing = 0;
		};
		215C887D1BDB1B9B0022FA84 /* Sources */ = {
			isa = PBXSourcesBuildPhase;
			buildActionMask = 2147483647;
			files = (
				215C88881BDB1B9B0022FA84 /* HackathonTests.m in Sources */,
			);
			runOnlyForDeploymentPostprocessing = 0;
		};
/* End PBXSourcesBuildPhase section */

/* Begin PBXTargetDependency section */
		215C88831BDB1B9B0022FA84 /* PBXTargetDependency */ = {
			isa = PBXTargetDependency;
			target = 215C88671BDB1B9A0022FA84 /* Hackathon */;
			targetProxy = 215C88821BDB1B9B0022FA84 /* PBXContainerItemProxy */;
		};
/* End PBXTargetDependency section */

/* Begin PBXVariantGroup section */
		215C88751BDB1B9A0022FA84 /* Main.storyboard */ = {
			isa = PBXVariantGroup;
			children = (
				215C88761BDB1B9A0022FA84 /* Base */,
			);
			name = Main.storyboard;
			sourceTree = "<group>";
		};
		215C887A1BDB1B9A0022FA84 /* LaunchScreen.xib */ = {
			isa = PBXVariantGroup;
			children = (
				215C887B1BDB1B9A0022FA84 /* Base */,
			);
			name = LaunchScreen.xib;
			sourceTree = "<group>";
		};
/* End PBXVariantGroup section */

/* Begin XCBuildConfiguration section */
		215C88891BDB1B9B0022FA84 /* Debug */ = {
			isa = XCBuildConfiguration;
			buildSettings = {
				ALWAYS_SEARCH_USER_PATHS = NO;
				CLANG_CXX_LANGUAGE_STANDARD = "gnu++0x";
				CLANG_CXX_LIBRARY = "libc++";
				CLANG_ENABLE_MODULES = YES;
				CLANG_ENABLE_OBJC_ARC = YES;
				CLANG_WARN_BOOL_CONVERSION = YES;
				CLANG_WARN_CONSTANT_CONVERSION = YES;
				CLANG_WARN_DIRECT_OBJC_ISA_USAGE = YES_ERROR;
				CLANG_WARN_EMPTY_BODY = YES;
				CLANG_WARN_ENUM_CONVERSION = YES;
				CLANG_WARN_INT_CONVERSION = YES;
				CLANG_WARN_OBJC_ROOT_CLASS = YES_ERROR;
				CLANG_WARN_UNREACHABLE_CODE = YES;
				CLANG_WARN__DUPLICATE_METHOD_MATCH = YES;
				"CODE_SIGN_IDENTITY[sdk=iphoneos*]" = "iPhone Developer";
				COPY_PHASE_STRIP = NO;
				DEBUG_INFORMATION_FORMAT = "dwarf-with-dsym";
				ENABLE_STRICT_OBJC_MSGSEND = YES;
				GCC_C_LANGUAGE_STANDARD = gnu99;
				GCC_DYNAMIC_NO_PIC = NO;
				GCC_NO_COMMON_BLOCKS = YES;
				GCC_OPTIMIZATION_LEVEL = 0;
				GCC_PREPROCESSOR_DEFINITIONS = (
					"DEBUG=1",
					"$(inherited)",
				);
				GCC_SYMBOLS_PRIVATE_EXTERN = NO;
				GCC_WARN_64_TO_32_BIT_CONVERSION = YES;
				GCC_WARN_ABOUT_RETURN_TYPE = YES_ERROR;
				GCC_WARN_UNDECLARED_SELECTOR = YES;
				GCC_WARN_UNINITIALIZED_AUTOS = YES_AGGRESSIVE;
				GCC_WARN_UNUSED_FUNCTION = YES;
				GCC_WARN_UNUSED_VARIABLE = YES;
				IPHONEOS_DEPLOYMENT_TARGET = 8.4;
				MTL_ENABLE_DEBUG_INFO = YES;
				ONLY_ACTIVE_ARCH = YES;
				SDKROOT = iphoneos;
				TARGETED_DEVICE_FAMILY = "1,2";
			};
			name = Debug;
		};
		215C888A1BDB1B9B0022FA84 /* Release */ = {
			isa = XCBuildConfiguration;
			buildSettings = {
				ALWAYS_SEARCH_USER_PATHS = NO;
				CLANG_CXX_LANGUAGE_STANDARD = "gnu++0x";
				CLANG_CXX_LIBRARY = "libc++";
				CLANG_ENABLE_MODULES = YES;
				CLANG_ENABLE_OBJC_ARC = YES;
				CLANG_WARN_BOOL_CONVERSION = YES;
				CLANG_WARN_CONSTANT_CONVERSION = YES;
				CLANG_WARN_DIRECT_OBJC_ISA_USAGE = YES_ERROR;
				CLANG_WARN_EMPTY_BODY = YES;
				CLANG_WARN_ENUM_CONVERSION = YES;
				CLANG_WARN_INT_CONVERSION = YES;
				CLANG_WARN_OBJC_ROOT_CLASS = YES_ERROR;
				CLANG_WARN_UNREACHABLE_CODE = YES;
				CLANG_WARN__DUPLICATE_METHOD_MATCH = YES;
				"CODE_SIGN_IDENTITY[sdk=iphoneos*]" = "iPhone Developer";
				COPY_PHASE_STRIP = NO;
				DEBUG_INFORMATION_FORMAT = "dwarf-with-dsym";
				ENABLE_NS_ASSERTIONS = NO;
				ENABLE_STRICT_OBJC_MSGSEND = YES;
				GCC_C_LANGUAGE_STANDARD = gnu99;
				GCC_NO_COMMON_BLOCKS = YES;
				GCC_WARN_64_TO_32_BIT_CONVERSION = YES;
				GCC_WARN_ABOUT_RETURN_TYPE = YES_ERROR;
				GCC_WARN_UNDECLARED_SELECTOR = YES;
				GCC_WARN_UNINITIALIZED_AUTOS = YES_AGGRESSIVE;
				GCC_WARN_UNUSED_FUNCTION = YES;
				GCC_WARN_UNUSED_VARIABLE = YES;
				IPHONEOS_DEPLOYMENT_TARGET = 8.4;
				MTL_ENABLE_DEBUG_INFO = NO;
				SDKROOT = iphoneos;
				TARGETED_DEVICE_FAMILY = "1,2";
				VALIDATE_PRODUCT = YES;
			};
			name = Release;
		};
		215C888C1BDB1B9B0022FA84 /* Debug */ = {
			isa = XCBuildConfiguration;
			buildSettings = {
				ASSETCATALOG_COMPILER_APPICON_NAME = AppIcon;
				INFOPLIST_FILE = Hackathon/Info.plist;
				LD_RUNPATH_SEARCH_PATHS = "$(inherited) @executable_path/Frameworks";
				PRODUCT_NAME = "$(TARGET_NAME)";
			};
			name = Debug;
		};
		215C888D1BDB1B9B0022FA84 /* Release */ = {
			isa = XCBuildConfiguration;
			buildSettings = {
				ASSETCATALOG_COMPILER_APPICON_NAME = AppIcon;
				INFOPLIST_FILE = Hackathon/Info.plist;
				LD_RUNPATH_SEARCH_PATHS = "$(inherited) @executable_path/Frameworks";
				PRODUCT_NAME = "$(TARGET_NAME)";
			};
			name = Release;
		};
		215C888F1BDB1B9B0022FA84 /* Debug */ = {
			isa = XCBuildConfiguration;
			buildSettings = {
				BUNDLE_LOADER = "$(TEST_HOST)";
				FRAMEWORK_SEARCH_PATHS = (
					"$(SDKROOT)/Developer/Library/Frameworks",
					"$(inherited)",
				);
				GCC_PREPROCESSOR_DEFINITIONS = (
					"DEBUG=1",
					"$(inherited)",
				);
				INFOPLIST_FILE = HackathonTests/Info.plist;
				LD_RUNPATH_SEARCH_PATHS = "$(inherited) @executable_path/Frameworks @loader_path/Frameworks";
				PRODUCT_NAME = "$(TARGET_NAME)";
				TEST_HOST = "$(BUILT_PRODUCTS_DIR)/Hackathon.app/Hackathon";
			};
			name = Debug;
		};
		215C88901BDB1B9B0022FA84 /* Release */ = {
			isa = XCBuildConfiguration;
			buildSettings = {
				BUNDLE_LOADER = "$(TEST_HOST)";
				FRAMEWORK_SEARCH_PATHS = (
					"$(SDKROOT)/Developer/Library/Frameworks",
					"$(inherited)",
				);
				INFOPLIST_FILE = HackathonTests/Info.plist;
				LD_RUNPATH_SEARCH_PATHS = "$(inherited) @executable_path/Frameworks @loader_path/Frameworks";
				PRODUCT_NAME = "$(TARGET_NAME)";
				TEST_HOST = "$(BUILT_PRODUCTS_DIR)/Hackathon.app/Hackathon";
			};
			name = Release;
		};
/* End XCBuildConfiguration section */

/* Begin XCConfigurationList section */
		215C88631BDB1B9A0022FA84 /* Build configuration list for PBXProject "Hackathon" */ = {
			isa = XCConfigurationList;
			buildConfigurations = (
				215C88891BDB1B9B0022FA84 /* Debug */,
				215C888A1BDB1B9B0022FA84 /* Release */,
			);
			defaultConfigurationIsVisible = 0;
			defaultConfigurationName = Release;
		};
		215C888B1BDB1B9B0022FA84 /* Build configuration list for PBXNativeTarget "Hackathon" */ = {
			isa = XCConfigurationList;
			buildConfigurations = (
				215C888C1BDB1B9B0022FA84 /* Debug */,
				215C888D1BDB1B9B0022FA84 /* Release */,
			);
			defaultConfigurationIsVisible = 0;
		};
		215C888E1BDB1B9B0022FA84 /* Build configuration list for PBXNativeTarget "HackathonTests" */ = {
			isa = XCConfigurationList;
			buildConfigurations = (
				215C888F1BDB1B9B0022FA84 /* Debug */,
				215C88901BDB1B9B0022FA84 /* Release */,
			);
			defaultConfigurationIsVisible = 0;
		};
/* End XCConfigurationList section */
	};
	rootObject = 215C88601BDB1B9A0022FA84 /* Project object */;
}
